
Microsoft Visual Studio Solution File, Format Version 12.00
# Visual Studio Version 16
VisualStudioVersion = 16.0.30621.155
MinimumVisualStudioVersion = 10.0.40219.1
Project("{FAE04EC0-301F-11D3-BF4B-00C04F79EFBC}") = "ConsoleAppCalculator", "ConsoleAppCalculator\ConsoleAppCalculator.csproj", "{73DC7D47-81D4-4158-96FC-116FB8EB8101}"
EndProject
Global
	GlobalSection(SolutionConfigurationPlatforms) = preSolution
		Debug|Any CPU = Debug|Any CPU
		Release|Any CPU = Release|Any CPU
	EndGlobalSection
	GlobalSection(ProjectConfigurationPlatforms) = postSolution
		{73DC7D47-81D4-4158-96FC-116FB8EB8101}.Debug|Any CPU.ActiveCfg = Debug|Any CPU
		{73DC7D47-81D4-4158-96FC-116FB8EB8101}.Debug|Any CPU.Build.0 = Debug|Any CPU
		{73DC7D47-81D4-4158-96FC-116FB8EB8101}.Release|Any CPU.ActiveCfg = Release|Any CPU
		{73DC7D47-81D4-4158-96FC-116FB8EB8101}.Release|Any CPU.Build.0 = Release|Any CPU
	EndGlobalSection
	GlobalSection(SolutionProperties) = preSolution
		HideSolutionNode = FALSE
	EndGlobalSection
	GlobalSection(ExtensibilityGlobals) = postSolution
		SolutionGuid = {DA224FCF-70B1-4953-91A7-E637D2B4BACB}
	EndGlobalSection
EndGlobal
